// !$*UTF8*$!
{
	archiveVersion = 1;
	classes = {
	};
	objectVersion = 50;
	objects = {

/* Begin PBXBuildFile section */
		70380EBD23F7123500448D06 /* AccountsViewController.swift in Sources */ = {isa = PBXBuildFile; fileRef = 70380EBC23F7123500448D06 /* AccountsViewController.swift */; };
		70380EBF23F7141E00448D06 /* CreateAccountViewController.swift in Sources */ = {isa = PBXBuildFile; fileRef = 70380EBE23F7141E00448D06 /* CreateAccountViewController.swift */; };
		70380EC123F7148500448D06 /* TransactionsViewController.swift in Sources */ = {isa = PBXBuildFile; fileRef = 70380EC023F7148500448D06 /* TransactionsViewController.swift */; };
		70380EC323F7150700448D06 /* CreateTransactionViewController.swift in Sources */ = {isa = PBXBuildFile; fileRef = 70380EC223F7150700448D06 /* CreateTransactionViewController.swift */; };
		70380EC623F7203D00448D06 /* NewTransactionView.swift in Sources */ = {isa = PBXBuildFile; fileRef = 70380EC523F7203D00448D06 /* NewTransactionView.swift */; };
		7096D2A123F6D2410005D6E3 /* AppDelegate.swift in Sources */ = {isa = PBXBuildFile; fileRef = 7096D2A023F6D2410005D6E3 /* AppDelegate.swift */; };
		7096D2A323F6D2410005D6E3 /* SceneDelegate.swift in Sources */ = {isa = PBXBuildFile; fileRef = 7096D2A223F6D2410005D6E3 /* SceneDelegate.swift */; };
		7096D2A523F6D2410005D6E3 /* ViewController.swift in Sources */ = {isa = PBXBuildFile; fileRef = 7096D2A423F6D2410005D6E3 /* ViewController.swift */; };
		7096D2A823F6D2410005D6E3 /* Main.storyboard in Resources */ = {isa = PBXBuildFile; fileRef = 7096D2A623F6D2410005D6E3 /* Main.storyboard */; };
		7096D2AA23F6D2450005D6E3 /* Assets.xcassets in Resources */ = {isa = PBXBuildFile; fileRef = 7096D2A923F6D2450005D6E3 /* Assets.xcassets */; };
		7096D2AD23F6D2450005D6E3 /* LaunchScreen.storyboard in Resources */ = {isa = PBXBuildFile; fileRef = 7096D2AB23F6D2450005D6E3 /* LaunchScreen.storyboard */; };
		7096D2BA23F6D2C80005D6E3 /* Transaction.swift in Sources */ = {isa = PBXBuildFile; fileRef = 7096D2B923F6D2C80005D6E3 /* Transaction.swift */; };
		7096D2BC23F6D3900005D6E3 /* Account.swift in Sources */ = {isa = PBXBuildFile; fileRef = 7096D2BB23F6D3900005D6E3 /* Account.swift */; };
		7096D2BE23F6D6970005D6E3 /* StorageController.swift in Sources */ = {isa = PBXBuildFile; fileRef = 7096D2BD23F6D6970005D6E3 /* StorageController.swift */; };
		70D6732623F6DB8E002017DE /* StateController.swift in Sources */ = {isa = PBXBuildFile; fileRef = 70D6732523F6DB8E002017DE /* StateController.swift */; };
/* End PBXBuildFile section */

/* Begin PBXFileReference section */
		70380EBC23F7123500448D06 /* AccountsViewController.swift */ = {isa = PBXFileReference; lastKnownFileType = sourcecode.swift; path = AccountsViewController.swift; sourceTree = "<group>"; };
		70380EBE23F7141E00448D06 /* CreateAccountViewController.swift */ = {isa = PBXFileReference; lastKnownFileType = sourcecode.swift; path = CreateAccountViewController.swift; sourceTree = "<group>"; };
		70380EC023F7148500448D06 /* TransactionsViewController.swift */ = {isa = PBXFileReference; lastKnownFileType = sourcecode.swift; path = TransactionsViewController.swift; sourceTree = "<group>"; };
		70380EC223F7150700448D06 /* CreateTransactionViewController.swift */ = {isa = PBXFileReference; lastKnownFileType = sourcecode.swift; path = CreateTransactionViewController.swift; sourceTree = "<group>"; };
		70380EC523F7203D00448D06 /* NewTransactionView.swift */ = {isa = PBXFileReference; lastKnownFileType = sourcecode.swift; path = NewTransactionView.swift; sourceTree = "<group>"; };
		7096D29D23F6D2410005D6E3 /* BankApp_MVC.app */ = {isa = PBXFileReference; explicitFileType = wrapper.application; includeInIndex = 0; path = BankApp_MVC.app; sourceTree = BUILT_PRODUCTS_DIR; };
		7096D2A023F6D2410005D6E3 /* AppDelegate.swift */ = {isa = PBXFileReference; lastKnownFileType = sourcecode.swift; path = AppDelegate.swift; sourceTree = "<group>"; };
		7096D2A223F6D2410005D6E3 /* SceneDelegate.swift */ = {isa = PBXFileReference; lastKnownFileType = sourcecode.swift; path = SceneDelegate.swift; sourceTree = "<group>"; };
		7096D2A423F6D2410005D6E3 /* ViewController.swift */ = {isa = PBXFileReference; lastKnownFileType = sourcecode.swift; path = ViewController.swift; sourceTree = "<group>"; };
		7096D2A723F6D2410005D6E3 /* Base */ = {isa = PBXFileReference; lastKnownFileType = file.storyboard; name = Base; path = Base.lproj/Main.storyboard; sourceTree = "<group>"; };
		7096D2A923F6D2450005D6E3 /* Assets.xcassets */ = {isa = PBXFileReference; lastKnownFileType = folder.assetcatalog; path = Assets.xcassets; sourceTree = "<group>"; };
		7096D2AC23F6D2450005D6E3 /* Base */ = {isa = PBXFileReference; lastKnownFileType = file.storyboard; name = Base; path = Base.lproj/LaunchScreen.storyboard; sourceTree = "<group>"; };
		7096D2AE23F6D2450005D6E3 /* Info.plist */ = {isa = PBXFileReference; lastKnownFileType = text.plist.xml; path = Info.plist; sourceTree = "<group>"; };
		7096D2B923F6D2C80005D6E3 /* Transaction.swift */ = {isa = PBXFileReference; lastKnownFileType = sourcecode.swift; path = Transaction.swift; sourceTree = "<group>"; };
		7096D2BB23F6D3900005D6E3 /* Account.swift */ = {isa = PBXFileReference; lastKnownFileType = sourcecode.swift; path = Account.swift; sourceTree = "<group>"; };
		7096D2BD23F6D6970005D6E3 /* StorageController.swift */ = {isa = PBXFileReference; lastKnownFileType = sourcecode.swift; path = StorageController.swift; sourceTree = "<group>"; };
		70D6732523F6DB8E002017DE /* StateController.swift */ = {isa = PBXFileReference; lastKnownFileType = sourcecode.swift; path = StateController.swift; sourceTree = "<group>"; };
/* End PBXFileReference section */

/* Begin PBXFrameworksBuildPhase section */
		7096D29A23F6D2410005D6E3 /* Frameworks */ = {
			isa = PBXFrameworksBuildPhase;
			buildActionMask = 2147483647;
			files = (
			);
			runOnlyForDeploymentPostprocessing = 0;
		};
/* End PBXFrameworksBuildPhase section */

/* Begin PBXGroup section */
		70380EC423F7200300448D06 /* Views */ = {
			isa = PBXGroup;
			children = (
				70380EC523F7203D00448D06 /* NewTransactionView.swift */,
			);
			path = Views;
			sourceTree = "<group>";
		};
		7096D29423F6D2410005D6E3 = {
			isa = PBXGroup;
			children = (
				7096D29F23F6D2410005D6E3 /* BankApp_MVC */,
				7096D29E23F6D2410005D6E3 /* Products */,
			);
			sourceTree = "<group>";
		};
		7096D29E23F6D2410005D6E3 /* Products */ = {
			isa = PBXGroup;
			children = (
				7096D29D23F6D2410005D6E3 /* BankApp_MVC.app */,
			);
			name = Products;
			sourceTree = "<group>";
		};
		7096D29F23F6D2410005D6E3 /* BankApp_MVC */ = {
			isa = PBXGroup;
			children = (
				7096D2B723F6D2720005D6E3 /* AppDelegate */,
				70380EC423F7200300448D06 /* Views */,
				7096D2B523F6D2530005D6E3 /* Controllers */,
				7096D2B423F6D24D0005D6E3 /* Models */,
				7096D2BF23F6D69D0005D6E3 /* ModelController */,
				7096D2B823F6D2990005D6E3 /* Storyborads */,
				7096D2A923F6D2450005D6E3 /* Assets.xcassets */,
				7096D2AE23F6D2450005D6E3 /* Info.plist */,
			);
			path = BankApp_MVC;
			sourceTree = "<group>";
		};
		7096D2B423F6D24D0005D6E3 /* Models */ = {
			isa = PBXGroup;
			children = (
				7096D2B923F6D2C80005D6E3 /* Transaction.swift */,
				7096D2BB23F6D3900005D6E3 /* Account.swift */,
			);
			path = Models;
			sourceTree = "<group>";
		};
		7096D2B523F6D2530005D6E3 /* Controllers */ = {
			isa = PBXGroup;
			children = (
				7096D2A423F6D2410005D6E3 /* ViewController.swift */,
				70380EBC23F7123500448D06 /* AccountsViewController.swift */,
				70380EBE23F7141E00448D06 /* CreateAccountViewController.swift */,
				70380EC023F7148500448D06 /* TransactionsViewController.swift */,
				70380EC223F7150700448D06 /* CreateTransactionViewController.swift */,
			);
			path = Controllers;
			sourceTree = "<group>";
		};
		7096D2B723F6D2720005D6E3 /* AppDelegate */ = {
			isa = PBXGroup;
			children = (
				7096D2A023F6D2410005D6E3 /* AppDelegate.swift */,
				7096D2A223F6D2410005D6E3 /* SceneDelegate.swift */,
			);
			path = AppDelegate;
			sourceTree = "<group>";
		};
		7096D2B823F6D2990005D6E3 /* Storyborads */ = {
			isa = PBXGroup;
			children = (
				7096D2AB23F6D2450005D6E3 /* LaunchScreen.storyboard */,
				7096D2A623F6D2410005D6E3 /* Main.storyboard */,
			);
			path = Storyborads;
			sourceTree = "<group>";
		};
		7096D2BF23F6D69D0005D6E3 /* ModelController */ = {
			isa = PBXGroup;
			children = (
				7096D2BD23F6D6970005D6E3 /* StorageController.swift */,
				70D6732523F6DB8E002017DE /* StateController.swift */,
			);
			path = ModelController;
			sourceTree = "<group>";
		};
/* End PBXGroup section */

/* Begin PBXNativeTarget section */
		7096D29C23F6D2410005D6E3 /* BankApp_MVC */ = {
			isa = PBXNativeTarget;
			buildConfigurationList = 7096D2B123F6D2450005D6E3 /* Build configuration list for PBXNativeTarget "BankApp_MVC" */;
			buildPhases = (
				7096D29923F6D2410005D6E3 /* Sources */,
				7096D29A23F6D2410005D6E3 /* Frameworks */,
				7096D29B23F6D2410005D6E3 /* Resources */,
			);
			buildRules = (
			);
			dependencies = (
			);
			name = BankApp_MVC;
			productName = BankApp_MVC;
			productReference = 7096D29D23F6D2410005D6E3 /* BankApp_MVC.app */;
			productType = "com.apple.product-type.application";
		};
/* End PBXNativeTarget section */

/* Begin PBXProject section */
		7096D29523F6D2410005D6E3 /* Project object */ = {
			isa = PBXProject;
			attributes = {
				LastSwiftUpdateCheck = 1130;
				LastUpgradeCheck = 1130;
				ORGANIZATIONNAME = "Rangel Cardoso Dias";
				TargetAttributes = {
					7096D29C23F6D2410005D6E3 = {
						CreatedOnToolsVersion = 11.3.1;
					};
				};
			};
			buildConfigurationList = 7096D29823F6D2410005D6E3 /* Build configuration list for PBXProject "BankApp_MVC" */;
			compatibilityVersion = "Xcode 9.3";
			developmentRegion = en;
			hasScannedForEncodings = 0;
			knownRegions = (
				en,
				Base,
			);
			mainGroup = 7096D29423F6D2410005D6E3;
			productRefGroup = 7096D29E23F6D2410005D6E3 /* Products */;
			projectDirPath = "";
			projectRoot = "";
			targets = (
				7096D29C23F6D2410005D6E3 /* BankApp_MVC */,
			);
		};
/* End PBXProject section */

/* Begin PBXResourcesBuildPhase section */
		7096D29B23F6D2410005D6E3 /* Resources */ = {
			isa = PBXResourcesBuildPhase;
			buildActionMask = 2147483647;
			files = (
				7096D2AD23F6D2450005D6E3 /* LaunchScreen.storyboard in Resources */,
				7096D2AA23F6D2450005D6E3 /* Assets.xcassets in Resources */,
				7096D2A823F6D2410005D6E3 /* Main.storyboard in Resources */,
			);
			runOnlyForDeploymentPostprocessing = 0;
		};
/* End PBXResourcesBuildPhase section */

/* Begin PBXSourcesBuildPhase section */
		7096D29923F6D2410005D6E3 /* Sources */ = {
			isa = PBXSourcesBuildPhase;
			buildActionMask = 2147483647;
			files = (
				7096D2BC23F6D3900005D6E3 /* Account.swift in Sources */,
				70D6732623F6DB8E002017DE /* StateController.swift in Sources */,
				7096D2A523F6D2410005D6E3 /* ViewController.swift in Sources */,
				7096D2A123F6D2410005D6E3 /* AppDelegate.swift in Sources */,
				70380EC123F7148500448D06 /* TransactionsViewController.swift in Sources */,
				7096D2BA23F6D2C80005D6E3 /* Transaction.swift in Sources */,
				70380EC623F7203D00448D06 /* NewTransactionView.swift in Sources */,
				7096D2A323F6D2410005D6E3 /* SceneDelegate.swift in Sources */,
				70380EBF23F7141E00448D06 /* CreateAccountViewController.swift in Sources */,
				70380EC323F7150700448D06 /* CreateTransactionViewController.swift in Sources */,
				70380EBD23F7123500448D06 /* AccountsViewController.swift in Sources */,
				7096D2BE23F6D6970005D6E3 /* StorageController.swift in Sources */,
			);
			runOnlyForDeploymentPostprocessing = 0;
		};
/* End PBXSourcesBuildPhase section */

/* Begin PBXVariantGroup section */
		7096D2A623F6D2410005D6E3 /* Main.storyboard */ = {
			isa = PBXVariantGroup;
			children = (
				7096D2A723F6D2410005D6E3 /* Base */,
			);
			name = Main.storyboard;
			sourceTree = "<group>";
		};
		7096D2AB23F6D2450005D6E3 /* LaunchScreen.storyboard */ = {
			isa = PBXVariantGroup;
			children = (
				7096D2AC23F6D2450005D6E3 /* Base */,
			);
			name = LaunchScreen.storyboard;
			sourceTree = "<group>";
		};
/* End PBXVariantGroup section */

/* Begin XCBuildConfiguration section */
		7096D2AF23F6D2450005D6E3 /* Debug */ = {
			isa = XCBuildConfiguration;
			buildSettings = {
				ALWAYS_SEARCH_USER_PATHS = NO;
				CLANG_ANALYZER_NONNULL = YES;
				CLANG_ANALYZER_NUMBER_OBJECT_CONVERSION = YES_AGGRESSIVE;
				CLANG_CXX_LANGUAGE_STANDARD = "gnu++14";
				CLANG_CXX_LIBRARY = "libc++";
				CLANG_ENABLE_MODULES = YES;
				CLANG_ENABLE_OBJC_ARC = YES;
				CLANG_ENABLE_OBJC_WEAK = YES;
				CLANG_WARN_BLOCK_CAPTURE_AUTORELEASING = YES;
				CLANG_WARN_BOOL_CONVERSION = YES;
				CLANG_WARN_COMMA = YES;
				CLANG_WARN_CONSTANT_CONVERSION = YES;
				CLANG_WARN_DEPRECATED_OBJC_IMPLEMENTATIONS = YES;
				CLANG_WARN_DIRECT_OBJC_ISA_USAGE = YES_ERROR;
				CLANG_WARN_DOCUMENTATION_COMMENTS = YES;
				CLANG_WARN_EMPTY_BODY = YES;
				CLANG_WARN_ENUM_CONVERSION = YES;
				CLANG_WARN_INFINITE_RECURSION = YES;
				CLANG_WARN_INT_CONVERSION = YES;
				CLANG_WARN_NON_LITERAL_NULL_CONVERSION = YES;
				CLANG_WARN_OBJC_IMPLICIT_RETAIN_SELF = YES;
				CLANG_WARN_OBJC_LITERAL_CONVERSION = YES;
				CLANG_WARN_OBJC_ROOT_CLASS = YES_ERROR;
				CLANG_WARN_RANGE_LOOP_ANALYSIS = YES;
				CLANG_WARN_STRICT_PROTOTYPES = YES;
				CLANG_WARN_SUSPICIOUS_MOVE = YES;
				CLANG_WARN_UNGUARDED_AVAILABILITY = YES_AGGRESSIVE;
				CLANG_WARN_UNREACHABLE_CODE = YES;
				CLANG_WARN__DUPLICATE_METHOD_MATCH = YES;
				COPY_PHASE_STRIP = NO;
				DEBUG_INFORMATION_FORMAT = dwarf;
				ENABLE_STRICT_OBJC_MSGSEND = YES;
				ENABLE_TESTABILITY = YES;
				GCC_C_LANGUAGE_STANDARD = gnu11;
				GCC_DYNAMIC_NO_PIC = NO;
				GCC_NO_COMMON_BLOCKS = YES;
				GCC_OPTIMIZATION_LEVEL = 0;
				GCC_PREPROCESSOR_DEFINITIONS = (
					"DEBUG=1",
					"$(inherited)",
				);
				GCC_WARN_64_TO_32_BIT_CONVERSION = YES;
				GCC_WARN_ABOUT_RETURN_TYPE = YES_ERROR;
				GCC_WARN_UNDECLARED_SELECTOR = YES;
				GCC_WARN_UNINITIALIZED_AUTOS = YES_AGGRESSIVE;
				GCC_WARN_UNUSED_FUNCTION = YES;
				GCC_WARN_UNUSED_VARIABLE = YES;
				IPHONEOS_DEPLOYMENT_TARGET = 13.2;
				MTL_ENABLE_DEBUG_INFO = INCLUDE_SOURCE;
				MTL_FAST_MATH = YES;
				ONLY_ACTIVE_ARCH = YES;
				SDKROOT = iphoneos;
				SWIFT_ACTIVE_COMPILATION_CONDITIONS = DEBUG;
				SWIFT_OPTIMIZATION_LEVEL = "-Onone";
			};
			name = Debug;
		};
		7096D2B023F6D2450005D6E3 /* Release */ = {
			isa = XCBuildConfiguration;
			buildSettings = {
				ALWAYS_SEARCH_USER_PATHS = NO;
				CLANG_ANALYZER_NONNULL = YES;
				CLANG_ANALYZER_NUMBER_OBJECT_CONVERSION = YES_AGGRESSIVE;
				CLANG_CXX_LANGUAGE_STANDARD = "gnu++14";
				CLANG_CXX_LIBRARY = "libc++";
				CLANG_ENABLE_MODULES = YES;
				CLANG_ENABLE_OBJC_ARC = YES;
				CLANG_ENABLE_OBJC_WEAK = YES;
				CLANG_WARN_BLOCK_CAPTURE_AUTORELEASING = YES;
				CLANG_WARN_BOOL_CONVERSION = YES;
				CLANG_WARN_COMMA = YES;
				CLANG_WARN_CONSTANT_CONVERSION = YES;
				CLANG_WARN_DEPRECATED_OBJC_IMPLEMENTATIONS = YES;
				CLANG_WARN_DIRECT_OBJC_ISA_USAGE = YES_ERROR;
				CLANG_WARN_DOCUMENTATION_COMMENTS = YES;
				CLANG_WARN_EMPTY_BODY = YES;
				CLANG_WARN_ENUM_CONVERSION = YES;
				CLANG_WARN_INFINITE_RECURSION = YES;
				CLANG_WARN_INT_CONVERSION = YES;
				CLANG_WARN_NON_LITERAL_NULL_CONVERSION = YES;
				CLANG_WARN_OBJC_IMPLICIT_RETAIN_SELF = YES;
				CLANG_WARN_OBJC_LITERAL_CONVERSION = YES;
				CLANG_WARN_OBJC_ROOT_CLASS = YES_ERROR;
				CLANG_WARN_RANGE_LOOP_ANALYSIS = YES;
				CLANG_WARN_STRICT_PROTOTYPES = YES;
				CLANG_WARN_SUSPICIOUS_MOVE = YES;
				CLANG_WARN_UNGUARDED_AVAILABILITY = YES_AGGRESSIVE;
				CLANG_WARN_UNREACHABLE_CODE = YES;
				CLANG_WARN__DUPLICATE_METHOD_MATCH = YES;
				COPY_PHASE_STRIP = NO;
				DEBUG_INFORMATION_FORMAT = "dwarf-with-dsym";
				ENABLE_NS_ASSERTIONS = NO;
				ENABLE_STRICT_OBJC_MSGSEND = YES;
				GCC_C_LANGUAGE_STANDARD = gnu11;
				GCC_NO_COMMON_BLOCKS = YES;
				GCC_WARN_64_TO_32_BIT_CONVERSION = YES;
				GCC_WARN_ABOUT_RETURN_TYPE = YES_ERROR;
				GCC_WARN_UNDECLARED_SELECTOR = YES;
				GCC_WARN_UNINITIALIZED_AUTOS = YES_AGGRESSIVE;
				GCC_WARN_UNUSED_FUNCTION = YES;
				GCC_WARN_UNUSED_VARIABLE = YES;
				IPHONEOS_DEPLOYMENT_TARGET = 13.2;
				MTL_ENABLE_DEBUG_INFO = NO;
				MTL_FAST_MATH = YES;
				SDKROOT = iphoneos;
				SWIFT_COMPILATION_MODE = wholemodule;
				SWIFT_OPTIMIZATION_LEVEL = "-O";
				VALIDATE_PRODUCT = YES;
			};
			name = Release;
		};
		7096D2B223F6D2450005D6E3 /* Debug */ = {
			isa = XCBuildConfiguration;
			buildSettings = {
				ASSETCATALOG_COMPILER_APPICON_NAME = AppIcon;
				CODE_SIGN_STYLE = Automatic;
				DEVELOPMENT_TEAM = 536JJFH3JQ;
				INFOPLIST_FILE = BankApp_MVC/Info.plist;
				LD_RUNPATH_SEARCH_PATHS = (
					"$(inherited)",
					"@executable_path/Frameworks",
				);
				PRODUCT_BUNDLE_IDENTIFIER = "rangel.BankApp-MVC";
				PRODUCT_NAME = "$(TARGET_NAME)";
				SWIFT_VERSION = 5.0;
				TARGETED_DEVICE_FAMILY = "1,2";
			};
			name = Debug;
		};
		7096D2B323F6D2450005D6E3 /* Release */ = {
			isa = XCBuildConfiguration;
			buildSettings = {
				ASSETCATALOG_COMPILER_APPICON_NAME = AppIcon;
				CODE_SIGN_STYLE = Automatic;
				DEVELOPMENT_TEAM = 536JJFH3JQ;
				INFOPLIST_FILE = BankApp_MVC/Info.plist;
				LD_RUNPATH_SEARCH_PATHS = (
					"$(inherited)",
					"@executable_path/Frameworks",
				);
				PRODUCT_BUNDLE_IDENTIFIER = "rangel.BankApp-MVC";
				PRODUCT_NAME = "$(TARGET_NAME)";
				SWIFT_VERSION = 5.0;
				TARGETED_DEVICE_FAMILY = "1,2";
			};
			name = Release;
		};
/* End XCBuildConfiguration section */

/* Begin XCConfigurationList section */
		7096D29823F6D2410005D6E3 /* Build configuration list for PBXProject "BankApp_MVC" */ = {
			isa = XCConfigurationList;
			buildConfigurations = (
				7096D2AF23F6D2450005D6E3 /* Debug */,
				7096D2B023F6D2450005D6E3 /* Release */,
			);
			defaultConfigurationIsVisible = 0;
			defaultConfigurationName = Release;
		};
		7096D2B123F6D2450005D6E3 /* Build configuration list for PBXNativeTarget "BankApp_MVC" */ = {
			isa = XCConfigurationList;
			buildConfigurations = (
				7096D2B223F6D2450005D6E3 /* Debug */,
				7096D2B323F6D2450005D6E3 /* Release */,
			);
			defaultConfigurationIsVisible = 0;
			defaultConfigurationName = Release;
		};
/* End XCConfigurationList section */
	};
	rootObject = 7096D29523F6D2410005D6E3 /* Project object */;
}
