// !$*UTF8*$!
{
	archiveVersion = 1;
	classes = {
	};
	objectVersion = 50;
	objects = {

/* Begin PBXBuildFile section */
		704360D52400A96B002F1AF2 /* ThirdViewController.swift in Sources */ = {isa = PBXBuildFile; fileRef = 704360D32400A96B002F1AF2 /* ThirdViewController.swift */; };
		704360D62400A96B002F1AF2 /* ThirdViewController.xib in Resources */ = {isa = PBXBuildFile; fileRef = 704360D42400A96B002F1AF2 /* ThirdViewController.xib */; };
		704360D82400B899002F1AF2 /* FirstViewController.xib in Resources */ = {isa = PBXBuildFile; fileRef = 704360D72400B899002F1AF2 /* FirstViewController.xib */; };
		70D6A26724007A5E00C26316 /* AppDelegate.swift in Sources */ = {isa = PBXBuildFile; fileRef = 70D6A26624007A5E00C26316 /* AppDelegate.swift */; };
		70D6A26924007A5E00C26316 /* SceneDelegate.swift in Sources */ = {isa = PBXBuildFile; fileRef = 70D6A26824007A5E00C26316 /* SceneDelegate.swift */; };
		70D6A26B24007A5E00C26316 /* ViewController.swift in Sources */ = {isa = PBXBuildFile; fileRef = 70D6A26A24007A5E00C26316 /* ViewController.swift */; };
		70D6A27024007A6000C26316 /* Assets.xcassets in Resources */ = {isa = PBXBuildFile; fileRef = 70D6A26F24007A6000C26316 /* Assets.xcassets */; };
		70D6A27324007A6000C26316 /* LaunchScreen.storyboard in Resources */ = {isa = PBXBuildFile; fileRef = 70D6A27124007A6000C26316 /* LaunchScreen.storyboard */; };
		70D6A27C24007A8A00C26316 /* SecondViewController.swift in Sources */ = {isa = PBXBuildFile; fileRef = 70D6A27A24007A8A00C26316 /* SecondViewController.swift */; };
		70D6A27D24007A8A00C26316 /* SecondViewController.xib in Resources */ = {isa = PBXBuildFile; fileRef = 70D6A27B24007A8A00C26316 /* SecondViewController.xib */; };
		70D6A27F24007AD200C26316 /* FirstCoordinator.swift in Sources */ = {isa = PBXBuildFile; fileRef = 70D6A27E24007AD200C26316 /* FirstCoordinator.swift */; };
		70D6A28124007E8400C26316 /* SecondCoordinator.swift in Sources */ = {isa = PBXBuildFile; fileRef = 70D6A28024007E8400C26316 /* SecondCoordinator.swift */; };
/* End PBXBuildFile section */

/* Begin PBXFileReference section */
		704360D32400A96B002F1AF2 /* ThirdViewController.swift */ = {isa = PBXFileReference; lastKnownFileType = sourcecode.swift; path = ThirdViewController.swift; sourceTree = "<group>"; };
		704360D42400A96B002F1AF2 /* ThirdViewController.xib */ = {isa = PBXFileReference; lastKnownFileType = file.xib; path = ThirdViewController.xib; sourceTree = "<group>"; };
		704360D72400B899002F1AF2 /* FirstViewController.xib */ = {isa = PBXFileReference; lastKnownFileType = file.xib; path = FirstViewController.xib; sourceTree = "<group>"; };
		70D6A26324007A5E00C26316 /* CoordinatorTest.app */ = {isa = PBXFileReference; explicitFileType = wrapper.application; includeInIndex = 0; path = CoordinatorTest.app; sourceTree = BUILT_PRODUCTS_DIR; };
		70D6A26624007A5E00C26316 /* AppDelegate.swift */ = {isa = PBXFileReference; lastKnownFileType = sourcecode.swift; path = AppDelegate.swift; sourceTree = "<group>"; };
		70D6A26824007A5E00C26316 /* SceneDelegate.swift */ = {isa = PBXFileReference; lastKnownFileType = sourcecode.swift; path = SceneDelegate.swift; sourceTree = "<group>"; };
		70D6A26A24007A5E00C26316 /* ViewController.swift */ = {isa = PBXFileReference; lastKnownFileType = sourcecode.swift; path = ViewController.swift; sourceTree = "<group>"; };
		70D6A26F24007A6000C26316 /* Assets.xcassets */ = {isa = PBXFileReference; lastKnownFileType = folder.assetcatalog; path = Assets.xcassets; sourceTree = "<group>"; };
		70D6A27224007A6000C26316 /* Base */ = {isa = PBXFileReference; lastKnownFileType = file.storyboard; name = Base; path = Base.lproj/LaunchScreen.storyboard; sourceTree = "<group>"; };
		70D6A27424007A6000C26316 /* Info.plist */ = {isa = PBXFileReference; lastKnownFileType = text.plist.xml; path = Info.plist; sourceTree = "<group>"; };
		70D6A27A24007A8A00C26316 /* SecondViewController.swift */ = {isa = PBXFileReference; lastKnownFileType = sourcecode.swift; path = SecondViewController.swift; sourceTree = "<group>"; };
		70D6A27B24007A8A00C26316 /* SecondViewController.xib */ = {isa = PBXFileReference; lastKnownFileType = file.xib; path = SecondViewController.xib; sourceTree = "<group>"; };
		70D6A27E24007AD200C26316 /* FirstCoordinator.swift */ = {isa = PBXFileReference; lastKnownFileType = sourcecode.swift; path = FirstCoordinator.swift; sourceTree = "<group>"; };
		70D6A28024007E8400C26316 /* SecondCoordinator.swift */ = {isa = PBXFileReference; lastKnownFileType = sourcecode.swift; path = SecondCoordinator.swift; sourceTree = "<group>"; };
/* End PBXFileReference section */

/* Begin PBXFrameworksBuildPhase section */
		70D6A26024007A5E00C26316 /* Frameworks */ = {
			isa = PBXFrameworksBuildPhase;
			buildActionMask = 2147483647;
			files = (
			);
			runOnlyForDeploymentPostprocessing = 0;
		};
/* End PBXFrameworksBuildPhase section */

/* Begin PBXGroup section */
		704360D22400A940002F1AF2 /* Controllers */ = {
			isa = PBXGroup;
			children = (
				70D6A27A24007A8A00C26316 /* SecondViewController.swift */,
				70D6A27B24007A8A00C26316 /* SecondViewController.xib */,
				70D6A26A24007A5E00C26316 /* ViewController.swift */,
				704360D32400A96B002F1AF2 /* ThirdViewController.swift */,
				704360D42400A96B002F1AF2 /* ThirdViewController.xib */,
				704360D72400B899002F1AF2 /* FirstViewController.xib */,
			);
			path = Controllers;
			sourceTree = "<group>";
		};
		70D6A25A24007A5E00C26316 = {
			isa = PBXGroup;
			children = (
				70D6A26524007A5E00C26316 /* CoordinatorTest */,
				70D6A26424007A5E00C26316 /* Products */,
			);
			sourceTree = "<group>";
		};
		70D6A26424007A5E00C26316 /* Products */ = {
			isa = PBXGroup;
			children = (
				70D6A26324007A5E00C26316 /* CoordinatorTest.app */,
			);
			name = Products;
			sourceTree = "<group>";
		};
		70D6A26524007A5E00C26316 /* CoordinatorTest */ = {
			isa = PBXGroup;
			children = (
				704360D22400A940002F1AF2 /* Controllers */,
				70D6A26824007A5E00C26316 /* SceneDelegate.swift */,
				70D6A26624007A5E00C26316 /* AppDelegate.swift */,
				70D6A26F24007A6000C26316 /* Assets.xcassets */,
				70D6A27124007A6000C26316 /* LaunchScreen.storyboard */,
				70D6A27424007A6000C26316 /* Info.plist */,
				70D6A27E24007AD200C26316 /* FirstCoordinator.swift */,
				70D6A28024007E8400C26316 /* SecondCoordinator.swift */,
			);
			path = CoordinatorTest;
			sourceTree = "<group>";
		};
/* End PBXGroup section */

/* Begin PBXNativeTarget section */
		70D6A26224007A5E00C26316 /* CoordinatorTest */ = {
			isa = PBXNativeTarget;
			buildConfigurationList = 70D6A27724007A6000C26316 /* Build configuration list for PBXNativeTarget "CoordinatorTest" */;
			buildPhases = (
				70D6A25F24007A5E00C26316 /* Sources */,
				70D6A26024007A5E00C26316 /* Frameworks */,
				70D6A26124007A5E00C26316 /* Resources */,
			);
			buildRules = (
			);
			dependencies = (
			);
			name = CoordinatorTest;
			productName = CoordinatorTest;
			productReference = 70D6A26324007A5E00C26316 /* CoordinatorTest.app */;
			productType = "com.apple.product-type.application";
		};
/* End PBXNativeTarget section */

/* Begin PBXProject section */
		70D6A25B24007A5E00C26316 /* Project object */ = {
			isa = PBXProject;
			attributes = {
				LastSwiftUpdateCheck = 1130;
				LastUpgradeCheck = 1130;
				ORGANIZATIONNAME = "Rangel Cardoso Dias";
				TargetAttributes = {
					70D6A26224007A5E00C26316 = {
						CreatedOnToolsVersion = 11.3.1;
					};
				};
			};
			buildConfigurationList = 70D6A25E24007A5E00C26316 /* Build configuration list for PBXProject "CoordinatorTest" */;
			compatibilityVersion = "Xcode 9.3";
			developmentRegion = en;
			hasScannedForEncodings = 0;
			knownRegions = (
				en,
				Base,
			);
			mainGroup = 70D6A25A24007A5E00C26316;
			productRefGroup = 70D6A26424007A5E00C26316 /* Products */;
			projectDirPath = "";
			projectRoot = "";
			targets = (
				70D6A26224007A5E00C26316 /* CoordinatorTest */,
			);
		};
/* End PBXProject section */

/* Begin PBXResourcesBuildPhase section */
		70D6A26124007A5E00C26316 /* Resources */ = {
			isa = PBXResourcesBuildPhase;
			buildActionMask = 2147483647;
			files = (
				70D6A27D24007A8A00C26316 /* SecondViewController.xib in Resources */,
				704360D82400B899002F1AF2 /* FirstViewController.xib in Resources */,
				70D6A27324007A6000C26316 /* LaunchScreen.storyboard in Resources */,
				70D6A27024007A6000C26316 /* Assets.xcassets in Resources */,
				704360D62400A96B002F1AF2 /* ThirdViewController.xib in Resources */,
			);
			runOnlyForDeploymentPostprocessing = 0;
		};
/* End PBXResourcesBuildPhase section */

/* Begin PBXSourcesBuildPhase section */
		70D6A25F24007A5E00C26316 /* Sources */ = {
			isa = PBXSourcesBuildPhase;
			buildActionMask = 2147483647;
			files = (
				70D6A27F24007AD200C26316 /* FirstCoordinator.swift in Sources */,
				70D6A27C24007A8A00C26316 /* SecondViewController.swift in Sources */,
				70D6A28124007E8400C26316 /* SecondCoordinator.swift in Sources */,
				704360D52400A96B002F1AF2 /* ThirdViewController.swift in Sources */,
				70D6A26B24007A5E00C26316 /* ViewController.swift in Sources */,
				70D6A26724007A5E00C26316 /* AppDelegate.swift in Sources */,
				70D6A26924007A5E00C26316 /* SceneDelegate.swift in Sources */,
			);
			runOnlyForDeploymentPostprocessing = 0;
		};
/* End PBXSourcesBuildPhase section */

/* Begin PBXVariantGroup section */
		70D6A27124007A6000C26316 /* LaunchScreen.storyboard */ = {
			isa = PBXVariantGroup;
			children = (
				70D6A27224007A6000C26316 /* Base */,
			);
			name = LaunchScreen.storyboard;
			sourceTree = "<group>";
		};
/* End PBXVariantGroup section */

/* Begin XCBuildConfiguration section */
		70D6A27524007A6000C26316 /* Debug */ = {
			isa = XCBuildConfiguration;
			buildSettings = {
				ALWAYS_SEARCH_USER_PATHS = NO;
				CLANG_ANALYZER_NONNULL = YES;
				CLANG_ANALYZER_NUMBER_OBJECT_CONVERSION = YES_AGGRESSIVE;
				CLANG_CXX_LANGUAGE_STANDARD = "gnu++14";
				CLANG_CXX_LIBRARY = "libc++";
				CLANG_ENABLE_MODULES = YES;
				CLANG_ENABLE_OBJC_ARC = YES;
				CLANG_ENABLE_OBJC_WEAK = YES;
				CLANG_WARN_BLOCK_CAPTURE_AUTORELEASING = YES;
				CLANG_WARN_BOOL_CONVERSION = YES;
				CLANG_WARN_COMMA = YES;
				CLANG_WARN_CONSTANT_CONVERSION = YES;
				CLANG_WARN_DEPRECATED_OBJC_IMPLEMENTATIONS = YES;
				CLANG_WARN_DIRECT_OBJC_ISA_USAGE = YES_ERROR;
				CLANG_WARN_DOCUMENTATION_COMMENTS = YES;
				CLANG_WARN_EMPTY_BODY = YES;
				CLANG_WARN_ENUM_CONVERSION = YES;
				CLANG_WARN_INFINITE_RECURSION = YES;
				CLANG_WARN_INT_CONVERSION = YES;
				CLANG_WARN_NON_LITERAL_NULL_CONVERSION = YES;
				CLANG_WARN_OBJC_IMPLICIT_RETAIN_SELF = YES;
				CLANG_WARN_OBJC_LITERAL_CONVERSION = YES;
				CLANG_WARN_OBJC_ROOT_CLASS = YES_ERROR;
				CLANG_WARN_RANGE_LOOP_ANALYSIS = YES;
				CLANG_WARN_STRICT_PROTOTYPES = YES;
				CLANG_WARN_SUSPICIOUS_MOVE = YES;
				CLANG_WARN_UNGUARDED_AVAILABILITY = YES_AGGRESSIVE;
				CLANG_WARN_UNREACHABLE_CODE = YES;
				CLANG_WARN__DUPLICATE_METHOD_MATCH = YES;
				COPY_PHASE_STRIP = NO;
				DEBUG_INFORMATION_FORMAT = dwarf;
				ENABLE_STRICT_OBJC_MSGSEND = YES;
				ENABLE_TESTABILITY = YES;
				GCC_C_LANGUAGE_STANDARD = gnu11;
				GCC_DYNAMIC_NO_PIC = NO;
				GCC_NO_COMMON_BLOCKS = YES;
				GCC_OPTIMIZATION_LEVEL = 0;
				GCC_PREPROCESSOR_DEFINITIONS = (
					"DEBUG=1",
					"$(inherited)",
				);
				GCC_WARN_64_TO_32_BIT_CONVERSION = YES;
				GCC_WARN_ABOUT_RETURN_TYPE = YES_ERROR;
				GCC_WARN_UNDECLARED_SELECTOR = YES;
				GCC_WARN_UNINITIALIZED_AUTOS = YES_AGGRESSIVE;
				GCC_WARN_UNUSED_FUNCTION = YES;
				GCC_WARN_UNUSED_VARIABLE = YES;
				IPHONEOS_DEPLOYMENT_TARGET = 13.2;
				MTL_ENABLE_DEBUG_INFO = INCLUDE_SOURCE;
				MTL_FAST_MATH = YES;
				ONLY_ACTIVE_ARCH = YES;
				SDKROOT = iphoneos;
				SWIFT_ACTIVE_COMPILATION_CONDITIONS = DEBUG;
				SWIFT_OPTIMIZATION_LEVEL = "-Onone";
			};
			name = Debug;
		};
		70D6A27624007A6000C26316 /* Release */ = {
			isa = XCBuildConfiguration;
			buildSettings = {
				ALWAYS_SEARCH_USER_PATHS = NO;
				CLANG_ANALYZER_NONNULL = YES;
				CLANG_ANALYZER_NUMBER_OBJECT_CONVERSION = YES_AGGRESSIVE;
				CLANG_CXX_LANGUAGE_STANDARD = "gnu++14";
				CLANG_CXX_LIBRARY = "libc++";
				CLANG_ENABLE_MODULES = YES;
				CLANG_ENABLE_OBJC_ARC = YES;
				CLANG_ENABLE_OBJC_WEAK = YES;
				CLANG_WARN_BLOCK_CAPTURE_AUTORELEASING = YES;
				CLANG_WARN_BOOL_CONVERSION = YES;
				CLANG_WARN_COMMA = YES;
				CLANG_WARN_CONSTANT_CONVERSION = YES;
				CLANG_WARN_DEPRECATED_OBJC_IMPLEMENTATIONS = YES;
				CLANG_WARN_DIRECT_OBJC_ISA_USAGE = YES_ERROR;
				CLANG_WARN_DOCUMENTATION_COMMENTS = YES;
				CLANG_WARN_EMPTY_BODY = YES;
				CLANG_WARN_ENUM_CONVERSION = YES;
				CLANG_WARN_INFINITE_RECURSION = YES;
				CLANG_WARN_INT_CONVERSION = YES;
				CLANG_WARN_NON_LITERAL_NULL_CONVERSION = YES;
				CLANG_WARN_OBJC_IMPLICIT_RETAIN_SELF = YES;
				CLANG_WARN_OBJC_LITERAL_CONVERSION = YES;
				CLANG_WARN_OBJC_ROOT_CLASS = YES_ERROR;
				CLANG_WARN_RANGE_LOOP_ANALYSIS = YES;
				CLANG_WARN_STRICT_PROTOTYPES = YES;
				CLANG_WARN_SUSPICIOUS_MOVE = YES;
				CLANG_WARN_UNGUARDED_AVAILABILITY = YES_AGGRESSIVE;
				CLANG_WARN_UNREACHABLE_CODE = YES;
				CLANG_WARN__DUPLICATE_METHOD_MATCH = YES;
				COPY_PHASE_STRIP = NO;
				DEBUG_INFORMATION_FORMAT = "dwarf-with-dsym";
				ENABLE_NS_ASSERTIONS = NO;
				ENABLE_STRICT_OBJC_MSGSEND = YES;
				GCC_C_LANGUAGE_STANDARD = gnu11;
				GCC_NO_COMMON_BLOCKS = YES;
				GCC_WARN_64_TO_32_BIT_CONVERSION = YES;
				GCC_WARN_ABOUT_RETURN_TYPE = YES_ERROR;
				GCC_WARN_UNDECLARED_SELECTOR = YES;
				GCC_WARN_UNINITIALIZED_AUTOS = YES_AGGRESSIVE;
				GCC_WARN_UNUSED_FUNCTION = YES;
				GCC_WARN_UNUSED_VARIABLE = YES;
				IPHONEOS_DEPLOYMENT_TARGET = 13.2;
				MTL_ENABLE_DEBUG_INFO = NO;
				MTL_FAST_MATH = YES;
				SDKROOT = iphoneos;
				SWIFT_COMPILATION_MODE = wholemodule;
				SWIFT_OPTIMIZATION_LEVEL = "-O";
				VALIDATE_PRODUCT = YES;
			};
			name = Release;
		};
		70D6A27824007A6000C26316 /* Debug */ = {
			isa = XCBuildConfiguration;
			buildSettings = {
				ASSETCATALOG_COMPILER_APPICON_NAME = AppIcon;
				CODE_SIGN_STYLE = Automatic;
				DEVELOPMENT_TEAM = 536JJFH3JQ;
				INFOPLIST_FILE = CoordinatorTest/Info.plist;
				LD_RUNPATH_SEARCH_PATHS = (
					"$(inherited)",
					"@executable_path/Frameworks",
				);
				PRODUCT_BUNDLE_IDENTIFIER = rangel.CoordinatorTest;
				PRODUCT_NAME = "$(TARGET_NAME)";
				SWIFT_VERSION = 5.0;
				TARGETED_DEVICE_FAMILY = "1,2";
			};
			name = Debug;
		};
		70D6A27924007A6000C26316 /* Release */ = {
			isa = XCBuildConfiguration;
			buildSettings = {
				ASSETCATALOG_COMPILER_APPICON_NAME = AppIcon;
				CODE_SIGN_STYLE = Automatic;
				DEVELOPMENT_TEAM = 536JJFH3JQ;
				INFOPLIST_FILE = CoordinatorTest/Info.plist;
				LD_RUNPATH_SEARCH_PATHS = (
					"$(inherited)",
					"@executable_path/Frameworks",
				);
				PRODUCT_BUNDLE_IDENTIFIER = rangel.CoordinatorTest;
				PRODUCT_NAME = "$(TARGET_NAME)";
				SWIFT_VERSION = 5.0;
				TARGETED_DEVICE_FAMILY = "1,2";
			};
			name = Release;
		};
/* End XCBuildConfiguration section */

/* Begin XCConfigurationList section */
		70D6A25E24007A5E00C26316 /* Build configuration list for PBXProject "CoordinatorTest" */ = {
			isa = XCConfigurationList;
			buildConfigurations = (
				70D6A27524007A6000C26316 /* Debug */,
				70D6A27624007A6000C26316 /* Release */,
			);
			defaultConfigurationIsVisible = 0;
			defaultConfigurationName = Release;
		};
		70D6A27724007A6000C26316 /* Build configuration list for PBXNativeTarget "CoordinatorTest" */ = {
			isa = XCConfigurationList;
			buildConfigurations = (
				70D6A27824007A6000C26316 /* Debug */,
				70D6A27924007A6000C26316 /* Release */,
			);
			defaultConfigurationIsVisible = 0;
			defaultConfigurationName = Release;
		};
/* End XCConfigurationList section */
	};
	rootObject = 70D6A25B24007A5E00C26316 /* Project object */;
}
